<?xml version="1.0" encoding="utf-8"?>
<Project ToolsVersion="4.0" xmlns="http://schemas.microsoft.com/developer/msbuild/2003">
  <ItemGroup>
    <ClCompile Include="ChangeTextureColor.cpp" />
    <ClCompile Include="PadColorOptions.cpp" />
    <ClCompile Include="Scoreboard.cpp" />
    <ClCompile Include="Score_Row.cpp" />
    <ClCompile Include="TextureColorOptions.cpp" />
    <ClCompile Include="game.cpp" />
    <ClCompile Include="main.cpp" />
    <ClCompile Include="menu.cpp" />
    <ClCompile Include="Options.cpp" />
    <ClCompile Include="ScoreOptions.cpp" />
    <ClCompile Include="SpeedOptions.cpp" />
    <ClCompile Include="settings.cpp" />
    <ClCompile Include="Window.cpp" />
    <ClCompile Include="UI_Element.cpp" />
  </ItemGroup>
  <ItemGroup>
    <ClInclude Include="ChangeTextureColor.h" />
    <ClInclude Include="ColorEnum.h" />
    <ClInclude Include="game.h" />
    <ClInclude Include="menu.h" />
    <ClInclude Include="Options.h" />
    <ClInclude Include="resource.h" />
    <ClInclude Include="Scoreboard.h" />
    <ClInclude Include="settings.h" />
    <ClInclude Include="Window.h" />
  </ItemGroup>
  <ItemGroup>
    <ResourceCompile Include="ping_pong.rc" />
  </ItemGroup>
  <ItemGroup>
    <Image Include="images\arrow_head.png" />
    <Image Include="images\Knight_attack_01.png" />
    <Image Include="images\left_arrow_head.png" />
    <Image Include="images\numbers.png" />
    <Image Include="images\options.png" />
    <Image Include="images\circle.png" />
    <Image Include="images\quit.png" />
    <Image Include="images\right_arrow_head.png" />
    <Image Include="images\scoreboard.png" />
    <Image Include="images\start_game.png" />
  </ItemGroup>
  <ItemGroup>
    <Font Include="images\Sans.ttf" />
  </ItemGroup>
</Project>